
Microsoft Visual Studio Solution File, Format Version 12.00
# Visual Studio Version 17
VisualStudioVersion = 17.13.35919.96 d17.13
MinimumVisualStudioVersion = 10.0.40219.1
Project("{FAE04EC0-301F-11D3-BF4B-00C04F79EFBC}") = "PQMethod_C#", "PQMethod_C#\PQMethod_C#.csproj", "{ACA1F19D-1C5F-4918-B476-531B43BCF7A4}"
EndProject
Global
	GlobalSection(SolutionConfigurationPlatforms) = preSolution
		Debug|Any CPU = Debug|Any CPU
		Release|Any CPU = Release|Any CPU
	EndGlobalSection
	GlobalSection(ProjectConfigurationPlatforms) = postSolution
		{ACA1F19D-1C5F-4918-B476-531B43BCF7A4}.Debug|Any CPU.ActiveCfg = Debug|Any CPU
		{ACA1F19D-1C5F-4918-B476-531B43BCF7A4}.Debug|Any CPU.Build.0 = Debug|Any CPU
		{ACA1F19D-1C5F-4918-B476-531B43BCF7A4}.Release|Any CPU.ActiveCfg = Release|Any CPU
		{ACA1F19D-1C5F-4918-B476-531B43BCF7A4}.Release|Any CPU.Build.0 = Release|Any CPU
	EndGlobalSection
	GlobalSection(SolutionProperties) = preSolution
		HideSolutionNode = FALSE
	EndGlobalSection
	GlobalSection(ExtensibilityGlobals) = postSolution
		SolutionGuid = {6A65CA28-A7DA-42B3-B34E-E786BD04BFA9}
	EndGlobalSection
EndGlobal
